{
  "nodes": {
    "agenix": {
      "inputs": {
        "darwin": [
          "darwin"
        ],
        "home-manager": [
          "home-manager"
        ],
        "nixpkgs": [
          "nixpkgs"
        ],
        "systems": [
          "systems"
        ]
      },
      "locked": {
        "lastModified": 1723293904,
        "narHash": "sha256-b+uqzj+Wa6xgMS9aNbX4I+sXeb5biPDi39VgvSFqFvU=",
        "owner": "ryantm",
        "repo": "agenix",
        "rev": "f6291c5935fdc4e0bef208cfc0dcab7e3f7a1c41",
        "type": "github"
      },
      "original": {
        "owner": "ryantm",
        "repo": "agenix",
        "type": "github"
      }
    },
    "compat-list-src": {
      "flake": false,
      "locked": {
        "lastModified": 1709566002,
        "narHash": "sha256-rBnsW8ijDEPCXzIkbfQnyhSFhIv91+jIkNPosVHJ2UY=",
        "owner": "flathub",
        "repo": "org.yuzu_emu.yuzu",
        "rev": "4abf1d239aba843180abfed58fa8541432fece5b",
        "type": "github"
      },
      "original": {
        "owner": "flathub",
        "repo": "org.yuzu_emu.yuzu",
        "type": "github"
      }
    },
    "darwin": {
      "inputs": {
        "nixpkgs": [
          "nixpkgs"
        ]
      },
      "locked": {
        "lastModified": 1724219898,
        "narHash": "sha256-7PwlnEQDIbww8+nk0CHLeYTYMA23F/CkynHsX7Mxk+s=",
        "owner": "lnl7",
        "repo": "nix-darwin",
        "rev": "d6703b988728b89456b32bac242c8689902e5a5b",
        "type": "github"
      },
      "original": {
        "owner": "lnl7",
        "repo": "nix-darwin",
        "type": "github"
      }
    },
    "devshell": {
      "inputs": {
        "nixpkgs": [
          "nixpkgs"
        ]
      },
      "locked": {
        "lastModified": 1722113426,
        "narHash": "sha256-Yo/3loq572A8Su6aY5GP56knpuKYRvM2a1meP9oJZCw=",
        "owner": "numtide",
        "repo": "devshell",
        "rev": "67cce7359e4cd3c45296fb4aaf6a19e2a9c757ae",
        "type": "github"
      },
      "original": {
        "owner": "numtide",
        "repo": "devshell",
        "type": "github"
      }
    },
    "droid": {
      "inputs": {
        "home-manager": [
          "home-manager"
        ],
        "nix-formatter-pack": [
          "dummy"
        ],
        "nixpkgs": [
          "nixpkgs"
        ],
        "nixpkgs-docs": [
          "dummy"
        ],
        "nixpkgs-for-bootstrap": [
          "dummy"
        ],
        "nmd": [
          "dummy"
        ]
      },
      "locked": {
        "lastModified": 1721670745,
        "narHash": "sha256-rjTQ14dqQ90EaHQy4g/mGylrJ1aZJYc3wCXc4A3GHJg=",
        "owner": "nix-community",
        "repo": "nix-on-droid",
        "rev": "248cc0806120fac9214f503dee0eaf0f47740dd0",
        "type": "github"
      },
      "original": {
        "owner": "nix-community",
        "repo": "nix-on-droid",
        "type": "github"
      }
    },
    "flake-compat": {
      "locked": {
        "lastModified": 1696426674,
        "narHash": "sha256-kvjfFW7WAETZlt09AgDn1MrtKzP7t90Vf7vypd3OL1U=",
        "owner": "edolstra",
        "repo": "flake-compat",
        "rev": "0f9255e01c2351cc7d116c072cb317785dd33b33",
        "type": "github"
      },
      "original": {
        "owner": "edolstra",
        "repo": "flake-compat",
        "type": "github"
      }
    },
    "flake-parts": {
      "inputs": {
        "nixpkgs-lib": [
          "nixpkgs"
        ]
      },
      "locked": {
        "lastModified": 1722555600,
        "narHash": "sha256-XOQkdLafnb/p9ij77byFQjDf5m5QYl9b2REiVClC+x4=",
        "owner": "hercules-ci",
        "repo": "flake-parts",
        "rev": "8471fe90ad337a8074e957b69ca4d0089218391d",
        "type": "github"
      },
      "original": {
        "owner": "hercules-ci",
        "repo": "flake-parts",
        "type": "github"
      }
    },
    "flake-utils": {
      "inputs": {
        "systems": [
          "systems"
        ]
      },
      "locked": {
        "lastModified": 1710146030,
        "narHash": "sha256-SZ5L6eA7HJ/nmkzGG7/ISclqe6oZdOZTNoesiInkXPQ=",
        "owner": "numtide",
        "repo": "flake-utils",
        "rev": "b1d9ab70662946ef0850d488da1c9019f3a9752a",
        "type": "github"
      },
      "original": {
        "owner": "numtide",
        "repo": "flake-utils",
        "type": "github"
      }
    },
    "home-manager": {
      "inputs": {
        "nixpkgs": [
          "nixpkgs"
        ]
      },
      "locked": {
        "lastModified": 1723986931,
        "narHash": "sha256-Fy+KEvDQ+Hc8lJAV3t6leXhZJ2ncU5/esxkgt3b8DEY=",
        "owner": "nix-community",
        "repo": "home-manager",
        "rev": "2598861031b78aadb4da7269df7ca9ddfc3e1671",
        "type": "github"
      },
      "original": {
        "owner": "nix-community",
        "repo": "home-manager",
        "type": "github"
      }
    },
    "jovian": {
      "inputs": {
        "nix-github-actions": [
          "dummy"
        ],
        "nixpkgs": [
          "nixpkgs"
        ]
      },
      "locked": {
        "lastModified": 1724304322,
        "narHash": "sha256-/nrlMDubg9oG2VNANRBxsas5RbcJtB6IIDPZC3yHLW8=",
        "owner": "Jovian-Experiments",
        "repo": "Jovian-NixOS",
        "rev": "924a18ea8df89a39166dd202f3e73cd022825768",
        "type": "github"
      },
      "original": {
        "owner": "Jovian-Experiments",
        "repo": "Jovian-NixOS",
        "type": "github"
      }
    },
    "lib-aggregate": {
      "inputs": {
        "flake-utils": [
          "flake-utils"
        ],
        "nixpkgs-lib": [
          "nixpkgs"
        ]
      },
      "locked": {
        "lastModified": 1723983147,
        "narHash": "sha256-SMCz4/S1/r+5ONMbxWrLiasPNd1J5FBM6HbNe00OBnw=",
        "owner": "nix-community",
        "repo": "lib-aggregate",
        "rev": "abccaf0cb3f013739df2a89f19a33f912195384c",
        "type": "github"
      },
      "original": {
        "owner": "nix-community",
        "repo": "lib-aggregate",
        "type": "github"
      }
    },
    "my": {
      "locked": {
        "lastModified": 1722865713,
        "narHash": "sha256-3PoOBdrSxnF+0d240Ngs/va2uOSgR4rb3R3jG9ZhzVY=",
        "ref": "refs/heads/master",
        "rev": "5241107560f24e6ec89271ef6d81e80c512ad853",
        "revCount": 8,
        "type": "git",
        "url": "ssh://nuc/~/repo/my"
      },
      "original": {
        "type": "git",
        "url": "ssh://nuc/~/repo/my"
      }
    },
    "nix-index-database": {
      "inputs": {
        "nixpkgs": [
          "nixpkgs"
        ]
      },
      "locked": {
        "lastModified": 1723950649,
        "narHash": "sha256-dHMkGjwwCGj0c2MKyCjRXVBXq2Sz3TWbbM23AS7/5Hc=",
        "owner": "nix-community",
        "repo": "nix-index-database",
        "rev": "392828aafbed62a6ea6ccab13728df2e67481805",
        "type": "github"
      },
      "original": {
        "owner": "nix-community",
        "repo": "nix-index-database",
        "type": "github"
      }
    },
    "nixpkgs": {
      "locked": {
        "lastModified": 1724146343,
        "narHash": "sha256-SLB5mmhHGLhb7npka7lPrIwymuOAHrsLblkWImLh2HE=",
        "owner": "NixOS",
        "repo": "nixpkgs",
        "rev": "a04eac9c5aa7f82e02d6e9e0b203b6eb5704c141",
        "type": "github"
      },
      "original": {
        "owner": "NixOS",
        "ref": "nixpkgs-unstable",
        "repo": "nixpkgs",
        "type": "github"
      }
    },
    "nixpkgs-wayland": {
      "inputs": {
        "flake-compat": [
          "flake-compat"
        ],
        "lib-aggregate": [
          "lib-aggregate"
        ],
        "nix-eval-jobs": [
          "dummy"
        ],
        "nixpkgs": [
          "nixpkgs"
        ]
      },
      "locked": {
        "lastModified": 1721691437,
        "narHash": "sha256-z3h4XqAdE1sqCdZxI9+gxLDEEbgGOVHIWZRMIjQheDo=",
        "owner": "nix-community",
        "repo": "nixpkgs-wayland",
        "rev": "79e1f9e956c60af6520c5f9d9e451e555a82da6f",
        "type": "github"
      },
      "original": {
        "owner": "nix-community",
        "repo": "nixpkgs-wayland",
        "type": "github"
      }
    },
    "nvidia-patch": {
      "flake": false,
      "locked": {
        "lastModified": 1723286515,
        "narHash": "sha256-sjrNf8ZUm5HF9UVmBmD2uJUWDtZJOF4brfnVt1FTXHY=",
        "owner": "keylase",
        "repo": "nvidia-patch",
        "rev": "fc299168b83bacd317ceeaf3a850ecf2f1b9d66f",
        "type": "github"
      },
      "original": {
        "owner": "keylase",
        "repo": "nvidia-patch",
        "type": "github"
      }
    },
    "openwrt-imagebuilder": {
      "inputs": {
        "nixpkgs": [
          "nixpkgs"
        ]
      },
      "locked": {
        "lastModified": 1724143498,
        "narHash": "sha256-sl6jTGc8IWWBUT00VtGyggY6a8LyjN+5dCMCNk5/jhs=",
        "owner": "astro",
        "repo": "nix-openwrt-imagebuilder",
        "rev": "4ced03479ab812eaaee60d2048a972636d1f32a7",
        "type": "github"
      },
      "original": {
        "owner": "astro",
        "repo": "nix-openwrt-imagebuilder",
        "type": "github"
      }
    },
    "root": {
      "inputs": {
        "agenix": "agenix",
        "darwin": "darwin",
        "devshell": "devshell",
        "droid": "droid",
        "dummy": [
          "systems"
        ],
        "flake-compat": "flake-compat",
        "flake-parts": "flake-parts",
        "flake-utils": "flake-utils",
        "home-manager": "home-manager",
        "jovian": "jovian",
        "lib-aggregate": "lib-aggregate",
        "my": "my",
        "nix-index-database": "nix-index-database",
        "nixpkgs": "nixpkgs",
        "nixpkgs-wayland": "nixpkgs-wayland",
        "nvidia-patch": "nvidia-patch",
        "openwrt-imagebuilder": "openwrt-imagebuilder",
        "systems": "systems",
        "treefmt-nix": "treefmt-nix",
        "wsl": "wsl",
        "yuzu": "yuzu"
      }
    },
    "sudachi-src": {
      "flake": false,
      "locked": {
        "lastModified": 1713012806,
        "narHash": "sha256-QH4eP/9w00TefqxnXkzU4nLaa0buU3Y7XUt4qWql8Ic=",
        "ref": "refs/heads/main",
        "rev": "4ce69bc41f33e3816b9a73ecc6268bd808e44367",
        "revCount": 42,
        "submodules": true,
        "type": "git",
        "url": "https://github.com/sudachi-emu/sudachi.git"
      },
      "original": {
        "submodules": true,
        "type": "git",
        "url": "https://github.com/sudachi-emu/sudachi.git"
      }
    },
    "suyu-git-src": {
      "flake": false,
      "locked": {
        "lastModified": 1713495322,
        "narHash": "sha256-Jycpnfnx71alnxu+KgnOvaO26diEspx3O1dhA9OGflI=",
        "ref": "refs/heads/dev",
        "rev": "dfb9f06e5c46f251e4208adf1d4861e85b1d5eea",
        "revCount": 27428,
        "submodules": true,
        "type": "git",
        "url": "https://git.suyu.dev/suyu/suyu.git"
      },
      "original": {
        "submodules": true,
        "type": "git",
        "url": "https://git.suyu.dev/suyu/suyu.git"
      }
    },
    "systems": {
      "locked": {
        "lastModified": 1681028828,
        "narHash": "sha256-Vy1rq5AaRuLzOxct8nz4T6wlgyUR7zLU309k9mBC768=",
        "owner": "nix-systems",
        "repo": "default",
        "rev": "da67096a3b9bf56a91d16901293e51ba5b49a27e",
        "type": "github"
      },
      "original": {
        "owner": "nix-systems",
        "repo": "default",
        "type": "github"
      }
    },
    "treefmt-nix": {
      "inputs": {
        "nixpkgs": [
          "nixpkgs"
        ]
      },
      "locked": {
        "lastModified": 1723808491,
        "narHash": "sha256-rhis3qNuGmJmYC/okT7Dkc4M8CeUuRCSvW6kC2f3hBc=",
        "owner": "numtide",
        "repo": "treefmt-nix",
        "rev": "1d07739554fdc4f8481068f1b11d6ab4c1a4167a",
        "type": "github"
      },
      "original": {
        "owner": "numtide",
        "repo": "treefmt-nix",
        "type": "github"
      }
    },
    "wsl": {
      "inputs": {
        "flake-compat": [
          "flake-compat"
        ],
        "flake-utils": [
          "flake-utils"
        ],
        "nixpkgs": [
          "nixpkgs"
        ]
      },
      "locked": {
        "lastModified": 1724065442,
        "narHash": "sha256-8ZUoyeO7Q70bLuijVYvToBSkApw9kfc5hMykTGxB64I=",
        "owner": "nix-community",
        "repo": "NixOS-WSL",
        "rev": "0bec2bfb8a2d4dd16e5b012982ca95e57d50e6a2",
        "type": "github"
      },
      "original": {
        "owner": "nix-community",
        "repo": "NixOS-WSL",
        "type": "github"
      }
    },
    "yuzu": {
      "inputs": {
        "compat-list-src": "compat-list-src",
        "nixpkgs": [
          "nixpkgs"
        ],
        "sudachi-src": "sudachi-src",
        "suyu-git-src": "suyu-git-src"
      },
      "locked": {
        "lastModified": 1715530260,
        "narHash": "sha256-PZ9iutnrWwN0UDxdKD5cvnM26WO7qLSkYXakv9ZMq00=",
        "ref": "refs/heads/main",
        "rev": "d8db2dca4a85a6e703dbccb90c931f539f4a4f7d",
        "revCount": 8,
        "type": "git",
        "url": "https://codeberg.org/K900/yuzu-flake"
      },
      "original": {
        "type": "git",
        "url": "https://codeberg.org/K900/yuzu-flake"
      }
    }
  },
  "root": "root",
  "version": 7
}
