{
  "nodes": {
    "darwin": {
      "inputs": {
        "nixpkgs": [
          "darwinNixpkgs"
        ]
      },
      "locked": {
        "lastModified": 1642495030,
        "narHash": "sha256-u1ZlFbLWzkM6zOfuZ1tr0tzTuDWucOYwALPWDWLorkE=",
        "owner": "lnl7",
        "repo": "nix-darwin",
        "rev": "bcdb6022b3a300abf59cb5d0106c158940f5120e",
        "type": "github"
      },
      "original": {
        "owner": "lnl7",
        "ref": "master",
        "repo": "nix-darwin",
        "type": "github"
      }
    },
    "darwinHm": {
      "inputs": {
        "nixpkgs": [
          "darwinNixpkgs"
        ]
      },
      "locked": {
        "lastModified": 1644346464,
        "narHash": "sha256-hS8hwbr/PflMIfTWTmB7Xo5jIrsWhSAqtz5XXxPa0zQ=",
        "owner": "nix-community",
        "repo": "home-manager",
        "rev": "e2aa1f598674aa9c06f28f5db60b89f37f1e961b",
        "type": "github"
      },
      "original": {
        "owner": "nix-community",
        "ref": "master",
        "repo": "home-manager",
        "type": "github"
      }
    },
    "darwinNixpkgs": {
      "locked": {
        "lastModified": 1644403595,
        "narHash": "sha256-q/C6w9VQ3n3cJbMoT1DdhoyDIpQqXB2vKx/X3L4ovao=",
        "owner": "nixos",
        "repo": "nixpkgs",
        "rev": "9fc8e0bb56e58f35f5f8bc1323e1325595b4cd89",
        "type": "github"
      },
      "original": {
        "owner": "nixos",
        "ref": "nixpkgs-unstable",
        "repo": "nixpkgs",
        "type": "github"
      }
    },
    "droid": {
      "inputs": {
        "flake-utils": "flake-utils",
        "home-manager": [
          "droidHm"
        ],
        "nixpkgs": [
          "droidNixpkgs"
        ]
      },
      "locked": {
        "lastModified": 1640094771,
        "narHash": "sha256-ocdpOBeif8gPoI1iJsaZXAQba37dk5ojO/VPWJpFHCM=",
        "owner": "t184256",
        "repo": "nix-on-droid",
        "rev": "f88b0825c565629c20e016de491579671faf8090",
        "type": "github"
      },
      "original": {
        "owner": "t184256",
        "repo": "nix-on-droid",
        "type": "github"
      }
    },
    "droidHm": {
      "inputs": {
        "nixpkgs": [
          "droidNixpkgs"
        ]
      },
      "locked": {
        "lastModified": 1639871969,
        "narHash": "sha256-6feWUnMygRzA9tzkrfAzpA5/NBYg75bkFxnqb1DtD7E=",
        "owner": "nix-community",
        "repo": "home-manager",
        "rev": "697cc8c68ed6a606296efbbe9614c32537078756",
        "type": "github"
      },
      "original": {
        "owner": "nix-community",
        "ref": "release-21.11",
        "repo": "home-manager",
        "type": "github"
      }
    },
    "droidNixpkgs": {
      "locked": {
        "lastModified": 1640077788,
        "narHash": "sha256-YMSDk3hlucJTTARaHNOeQEF6zEW3A/x4sXgrz94VbS0=",
        "owner": "NixOS",
        "repo": "nixpkgs",
        "rev": "9ab7d12287ced0e1b4c03b61c781901f178d9d77",
        "type": "github"
      },
      "original": {
        "owner": "NixOS",
        "ref": "release-21.11",
        "repo": "nixpkgs",
        "type": "github"
      }
    },
    "flake-utils": {
      "locked": {
        "lastModified": 1638122382,
        "narHash": "sha256-sQzZzAbvKEqN9s0bzWuYmRaA03v40gaJ4+iL1LXjaeI=",
        "owner": "numtide",
        "repo": "flake-utils",
        "rev": "74f7e4319258e287b0f9cb95426c9853b282730b",
        "type": "github"
      },
      "original": {
        "owner": "numtide",
        "repo": "flake-utils",
        "type": "github"
      }
    },
    "nixos": {
      "locked": {
        "lastModified": 1644972330,
        "narHash": "sha256-6V2JFpTUzB9G+KcqtUR1yl7f6rd9495YrFECslEmbGw=",
        "owner": "nixos",
        "repo": "nixpkgs",
        "rev": "19574af0af3ffaf7c9e359744ed32556f34536bd",
        "type": "github"
      },
      "original": {
        "owner": "nixos",
        "ref": "nixpkgs-unstable",
        "repo": "nixpkgs",
        "type": "github"
      }
    },
    "nixosHm": {
      "inputs": {
        "nixpkgs": [
          "nixos"
        ]
      },
      "locked": {
        "lastModified": 1645140957,
        "narHash": "sha256-WTJzLSCDLBI537o2L/3kRyqEV5YRT7+1QSGryeKReHE=",
        "owner": "nix-community",
        "repo": "home-manager",
        "rev": "4f4165a8b9108818ab0193bbd1a252106870b2a2",
        "type": "github"
      },
      "original": {
        "owner": "nix-community",
        "ref": "master",
        "repo": "home-manager",
        "type": "github"
      }
    },
    "root": {
      "inputs": {
        "darwin": "darwin",
        "darwinHm": "darwinHm",
        "darwinNixpkgs": "darwinNixpkgs",
        "droid": "droid",
        "droidHm": "droidHm",
        "droidNixpkgs": "droidNixpkgs",
        "nixos": "nixos",
        "nixosHm": "nixosHm"
      }
    }
  },
  "root": "root",
  "version": 7
}
